
Microsoft Visual Studio Solution File, Format Version 12.00
# Visual Studio Version 16
VisualStudioVersion = 16.0.31515.178
MinimumVisualStudioVersion = 10.0.40219.1
Project("{FAE04EC0-301F-11D3-BF4B-00C04F79EFBC}") = "cadastro", "cadastro\cadastro.csproj", "{679C3D35-AA0A-43CA-8360-80213BE7A276}"
EndProject
Global
	GlobalSection(SolutionConfigurationPlatforms) = preSolution
		Debug|Any CPU = Debug|Any CPU
		Release|Any CPU = Release|Any CPU
	EndGlobalSection
	GlobalSection(ProjectConfigurationPlatforms) = postSolution
		{679C3D35-AA0A-43CA-8360-80213BE7A276}.Debug|Any CPU.ActiveCfg = Debug|Any CPU
		{679C3D35-AA0A-43CA-8360-80213BE7A276}.Debug|Any CPU.Build.0 = Debug|Any CPU
		{679C3D35-AA0A-43CA-8360-80213BE7A276}.Release|Any CPU.ActiveCfg = Release|Any CPU
		{679C3D35-AA0A-43CA-8360-80213BE7A276}.Release|Any CPU.Build.0 = Release|Any CPU
	EndGlobalSection
	GlobalSection(SolutionProperties) = preSolution
		HideSolutionNode = FALSE
	EndGlobalSection
	GlobalSection(ExtensibilityGlobals) = postSolution
		SolutionGuid = {485EBC5D-DB47-4735-A321-F08465035180}
	EndGlobalSection
EndGlobal
